// !$*UTF8*$!
{
	archiveVersion = 1;
	classes = {
	};
	objectVersion = 50;
	objects = {

/* Begin PBXBuildFile section */
		858A2B89251E5A0800AF589B /* AppDelegate.swift in Sources */ = {isa = PBXBuildFile; fileRef = 858A2B88251E5A0800AF589B /* AppDelegate.swift */; };
		858A2B8B251E5A0800AF589B /* SceneDelegate.swift in Sources */ = {isa = PBXBuildFile; fileRef = 858A2B8A251E5A0800AF589B /* SceneDelegate.swift */; };
		858A2B8D251E5A0800AF589B /* ViewController.swift in Sources */ = {isa = PBXBuildFile; fileRef = 858A2B8C251E5A0800AF589B /* ViewController.swift */; };
		858A2B90251E5A0800AF589B /* Main.storyboard in Resources */ = {isa = PBXBuildFile; fileRef = 858A2B8E251E5A0800AF589B /* Main.storyboard */; };
		858A2B92251E5A0900AF589B /* Assets.xcassets in Resources */ = {isa = PBXBuildFile; fileRef = 858A2B91251E5A0900AF589B /* Assets.xcassets */; };
		858A2B95251E5A0900AF589B /* LaunchScreen.storyboard in Resources */ = {isa = PBXBuildFile; fileRef = 858A2B93251E5A0900AF589B /* LaunchScreen.storyboard */; };
		858A2B9E251E5CEF00AF589B /* CameraPreviewView.swift in Sources */ = {isa = PBXBuildFile; fileRef = 858A2B9D251E5CEF00AF589B /* CameraPreviewView.swift */; };
		858A2BA1251E64A100AF589B /* MobileNetV2.mlmodel in Sources */ = {isa = PBXBuildFile; fileRef = 858A2BA0251E64A100AF589B /* MobileNetV2.mlmodel */; };
		858A2BA4251E6E1B00AF589B /* DetectedObject.swift in Sources */ = {isa = PBXBuildFile; fileRef = 858A2BA3251E6E1B00AF589B /* DetectedObject.swift */; };
		858A2BA7251E6F9100AF589B /* DetectedObjectController.swift in Sources */ = {isa = PBXBuildFile; fileRef = 858A2BA6251E6F9100AF589B /* DetectedObjectController.swift */; };
		858A2BAA251E75B600AF589B /* DetectedObjectsTableViewController.swift in Sources */ = {isa = PBXBuildFile; fileRef = 858A2BA9251E75B600AF589B /* DetectedObjectsTableViewController.swift */; };
/* End PBXBuildFile section */

/* Begin PBXFileReference section */
		858A2B85251E5A0800AF589B /* DetectionApp.app */ = {isa = PBXFileReference; explicitFileType = wrapper.application; includeInIndex = 0; path = DetectionApp.app; sourceTree = BUILT_PRODUCTS_DIR; };
		858A2B88251E5A0800AF589B /* AppDelegate.swift */ = {isa = PBXFileReference; lastKnownFileType = sourcecode.swift; path = AppDelegate.swift; sourceTree = "<group>"; };
		858A2B8A251E5A0800AF589B /* SceneDelegate.swift */ = {isa = PBXFileReference; lastKnownFileType = sourcecode.swift; path = SceneDelegate.swift; sourceTree = "<group>"; };
		858A2B8C251E5A0800AF589B /* ViewController.swift */ = {isa = PBXFileReference; lastKnownFileType = sourcecode.swift; path = ViewController.swift; sourceTree = "<group>"; };
		858A2B8F251E5A0800AF589B /* Base */ = {isa = PBXFileReference; lastKnownFileType = file.storyboard; name = Base; path = Base.lproj/Main.storyboard; sourceTree = "<group>"; };
		858A2B91251E5A0900AF589B /* Assets.xcassets */ = {isa = PBXFileReference; lastKnownFileType = folder.assetcatalog; path = Assets.xcassets; sourceTree = "<group>"; };
		858A2B94251E5A0900AF589B /* Base */ = {isa = PBXFileReference; lastKnownFileType = file.storyboard; name = Base; path = Base.lproj/LaunchScreen.storyboard; sourceTree = "<group>"; };
		858A2B96251E5A0900AF589B /* Info.plist */ = {isa = PBXFileReference; lastKnownFileType = text.plist.xml; path = Info.plist; sourceTree = "<group>"; };
		858A2B9D251E5CEF00AF589B /* CameraPreviewView.swift */ = {isa = PBXFileReference; lastKnownFileType = sourcecode.swift; path = CameraPreviewView.swift; sourceTree = "<group>"; };
		858A2BA0251E64A100AF589B /* MobileNetV2.mlmodel */ = {isa = PBXFileReference; lastKnownFileType = file.mlmodel; path = MobileNetV2.mlmodel; sourceTree = "<group>"; };
		858A2BA3251E6E1B00AF589B /* DetectedObject.swift */ = {isa = PBXFileReference; lastKnownFileType = sourcecode.swift; path = DetectedObject.swift; sourceTree = "<group>"; };
		858A2BA6251E6F9100AF589B /* DetectedObjectController.swift */ = {isa = PBXFileReference; lastKnownFileType = sourcecode.swift; path = DetectedObjectController.swift; sourceTree = "<group>"; };
		858A2BA9251E75B600AF589B /* DetectedObjectsTableViewController.swift */ = {isa = PBXFileReference; lastKnownFileType = sourcecode.swift; path = DetectedObjectsTableViewController.swift; sourceTree = "<group>"; };
/* End PBXFileReference section */

/* Begin PBXFrameworksBuildPhase section */
		858A2B82251E5A0800AF589B /* Frameworks */ = {
			isa = PBXFrameworksBuildPhase;
			buildActionMask = 2147483647;
			files = (
			);
			runOnlyForDeploymentPostprocessing = 0;
		};
/* End PBXFrameworksBuildPhase section */

/* Begin PBXGroup section */
		858A2B7C251E5A0800AF589B = {
			isa = PBXGroup;
			children = (
				858A2B87251E5A0800AF589B /* DetectionApp */,
				858A2B86251E5A0800AF589B /* Products */,
			);
			sourceTree = "<group>";
		};
		858A2B86251E5A0800AF589B /* Products */ = {
			isa = PBXGroup;
			children = (
				858A2B85251E5A0800AF589B /* DetectionApp.app */,
			);
			name = Products;
			sourceTree = "<group>";
		};
		858A2B87251E5A0800AF589B /* DetectionApp */ = {
			isa = PBXGroup;
			children = (
				858A2B88251E5A0800AF589B /* AppDelegate.swift */,
				858A2B8A251E5A0800AF589B /* SceneDelegate.swift */,
				858A2BAF251E80A000AF589B /* Models */,
				858A2BB2251E80B600AF589B /* Model Controllers */,
				858A2BAE251E809200AF589B /* Views */,
				858A2BAC251E808200AF589B /* View Controllers */,
				858A2BA0251E64A100AF589B /* MobileNetV2.mlmodel */,
				858A2B91251E5A0900AF589B /* Assets.xcassets */,
				858A2B96251E5A0900AF589B /* Info.plist */,
			);
			path = DetectionApp;
			sourceTree = "<group>";
		};
		858A2BAC251E808200AF589B /* View Controllers */ = {
			isa = PBXGroup;
			children = (
				858A2B8C251E5A0800AF589B /* ViewController.swift */,
				858A2BA9251E75B600AF589B /* DetectedObjectsTableViewController.swift */,
			);
			path = "View Controllers";
			sourceTree = "<group>";
		};
		858A2BAE251E809200AF589B /* Views */ = {
			isa = PBXGroup;
			children = (
				858A2B8E251E5A0800AF589B /* Main.storyboard */,
				858A2B93251E5A0900AF589B /* LaunchScreen.storyboard */,
			);
			path = Views;
			sourceTree = "<group>";
		};
		858A2BAF251E80A000AF589B /* Models */ = {
			isa = PBXGroup;
			children = (
				858A2BA3251E6E1B00AF589B /* DetectedObject.swift */,
				858A2B9D251E5CEF00AF589B /* CameraPreviewView.swift */,
			);
			path = Models;
			sourceTree = "<group>";
		};
		858A2BB2251E80B600AF589B /* Model Controllers */ = {
			isa = PBXGroup;
			children = (
				858A2BA6251E6F9100AF589B /* DetectedObjectController.swift */,
			);
			path = "Model Controllers";
			sourceTree = "<group>";
		};
/* End PBXGroup section */

/* Begin PBXNativeTarget section */
		858A2B84251E5A0800AF589B /* DetectionApp */ = {
			isa = PBXNativeTarget;
			buildConfigurationList = 858A2B99251E5A0900AF589B /* Build configuration list for PBXNativeTarget "DetectionApp" */;
			buildPhases = (
				858A2B81251E5A0800AF589B /* Sources */,
				858A2B82251E5A0800AF589B /* Frameworks */,
				858A2B83251E5A0800AF589B /* Resources */,
			);
			buildRules = (
			);
			dependencies = (
			);
			name = DetectionApp;
			productName = DetectionApp;
			productReference = 858A2B85251E5A0800AF589B /* DetectionApp.app */;
			productType = "com.apple.product-type.application";
		};
/* End PBXNativeTarget section */

/* Begin PBXProject section */
		858A2B7D251E5A0800AF589B /* Project object */ = {
			isa = PBXProject;
			attributes = {
				LastSwiftUpdateCheck = 1200;
				LastUpgradeCheck = 1200;
				TargetAttributes = {
					858A2B84251E5A0800AF589B = {
						CreatedOnToolsVersion = 12.0.1;
					};
				};
			};
			buildConfigurationList = 858A2B80251E5A0800AF589B /* Build configuration list for PBXProject "DetectionApp" */;
			compatibilityVersion = "Xcode 9.3";
			developmentRegion = en;
			hasScannedForEncodings = 0;
			knownRegions = (
				en,
				Base,
			);
			mainGroup = 858A2B7C251E5A0800AF589B;
			productRefGroup = 858A2B86251E5A0800AF589B /* Products */;
			projectDirPath = "";
			projectRoot = "";
			targets = (
				858A2B84251E5A0800AF589B /* DetectionApp */,
			);
		};
/* End PBXProject section */

/* Begin PBXResourcesBuildPhase section */
		858A2B83251E5A0800AF589B /* Resources */ = {
			isa = PBXResourcesBuildPhase;
			buildActionMask = 2147483647;
			files = (
				858A2B95251E5A0900AF589B /* LaunchScreen.storyboard in Resources */,
				858A2B92251E5A0900AF589B /* Assets.xcassets in Resources */,
				858A2B90251E5A0800AF589B /* Main.storyboard in Resources */,
			);
			runOnlyForDeploymentPostprocessing = 0;
		};
/* End PBXResourcesBuildPhase section */

/* Begin PBXSourcesBuildPhase section */
		858A2B81251E5A0800AF589B /* Sources */ = {
			isa = PBXSourcesBuildPhase;
			buildActionMask = 2147483647;
			files = (
				858A2BA7251E6F9100AF589B /* DetectedObjectController.swift in Sources */,
				858A2B9E251E5CEF00AF589B /* CameraPreviewView.swift in Sources */,
				858A2B8D251E5A0800AF589B /* ViewController.swift in Sources */,
				858A2B89251E5A0800AF589B /* AppDelegate.swift in Sources */,
				858A2BA1251E64A100AF589B /* MobileNetV2.mlmodel in Sources */,
				858A2BA4251E6E1B00AF589B /* DetectedObject.swift in Sources */,
				858A2BAA251E75B600AF589B /* DetectedObjectsTableViewController.swift in Sources */,
				858A2B8B251E5A0800AF589B /* SceneDelegate.swift in Sources */,
			);
			runOnlyForDeploymentPostprocessing = 0;
		};
/* End PBXSourcesBuildPhase section */

/* Begin PBXVariantGroup section */
		858A2B8E251E5A0800AF589B /* Main.storyboard */ = {
			isa = PBXVariantGroup;
			children = (
				858A2B8F251E5A0800AF589B /* Base */,
			);
			name = Main.storyboard;
			sourceTree = "<group>";
		};
		858A2B93251E5A0900AF589B /* LaunchScreen.storyboard */ = {
			isa = PBXVariantGroup;
			children = (
				858A2B94251E5A0900AF589B /* Base */,
			);
			name = LaunchScreen.storyboard;
			sourceTree = "<group>";
		};
/* End PBXVariantGroup section */

/* Begin XCBuildConfiguration section */
		858A2B97251E5A0900AF589B /* Debug */ = {
			isa = XCBuildConfiguration;
			buildSettings = {
				ALWAYS_SEARCH_USER_PATHS = NO;
				CLANG_ANALYZER_NONNULL = YES;
				CLANG_ANALYZER_NUMBER_OBJECT_CONVERSION = YES_AGGRESSIVE;
				CLANG_CXX_LANGUAGE_STANDARD = "gnu++14";
				CLANG_CXX_LIBRARY = "libc++";
				CLANG_ENABLE_MODULES = YES;
				CLANG_ENABLE_OBJC_ARC = YES;
				CLANG_ENABLE_OBJC_WEAK = YES;
				CLANG_WARN_BLOCK_CAPTURE_AUTORELEASING = YES;
				CLANG_WARN_BOOL_CONVERSION = YES;
				CLANG_WARN_COMMA = YES;
				CLANG_WARN_CONSTANT_CONVERSION = YES;
				CLANG_WARN_DEPRECATED_OBJC_IMPLEMENTATIONS = YES;
				CLANG_WARN_DIRECT_OBJC_ISA_USAGE = YES_ERROR;
				CLANG_WARN_DOCUMENTATION_COMMENTS = YES;
				CLANG_WARN_EMPTY_BODY = YES;
				CLANG_WARN_ENUM_CONVERSION = YES;
				CLANG_WARN_INFINITE_RECURSION = YES;
				CLANG_WARN_INT_CONVERSION = YES;
				CLANG_WARN_NON_LITERAL_NULL_CONVERSION = YES;
				CLANG_WARN_OBJC_IMPLICIT_RETAIN_SELF = YES;
				CLANG_WARN_OBJC_LITERAL_CONVERSION = YES;
				CLANG_WARN_OBJC_ROOT_CLASS = YES_ERROR;
				CLANG_WARN_QUOTED_INCLUDE_IN_FRAMEWORK_HEADER = YES;
				CLANG_WARN_RANGE_LOOP_ANALYSIS = YES;
				CLANG_WARN_STRICT_PROTOTYPES = YES;
				CLANG_WARN_SUSPICIOUS_MOVE = YES;
				CLANG_WARN_UNGUARDED_AVAILABILITY = YES_AGGRESSIVE;
				CLANG_WARN_UNREACHABLE_CODE = YES;
				CLANG_WARN__DUPLICATE_METHOD_MATCH = YES;
				COPY_PHASE_STRIP = NO;
				DEBUG_INFORMATION_FORMAT = dwarf;
				ENABLE_STRICT_OBJC_MSGSEND = YES;
				ENABLE_TESTABILITY = YES;
				GCC_C_LANGUAGE_STANDARD = gnu11;
				GCC_DYNAMIC_NO_PIC = NO;
				GCC_NO_COMMON_BLOCKS = YES;
				GCC_OPTIMIZATION_LEVEL = 0;
				GCC_PREPROCESSOR_DEFINITIONS = (
					"DEBUG=1",
					"$(inherited)",
				);
				GCC_WARN_64_TO_32_BIT_CONVERSION = YES;
				GCC_WARN_ABOUT_RETURN_TYPE = YES_ERROR;
				GCC_WARN_UNDECLARED_SELECTOR = YES;
				GCC_WARN_UNINITIALIZED_AUTOS = YES_AGGRESSIVE;
				GCC_WARN_UNUSED_FUNCTION = YES;
				GCC_WARN_UNUSED_VARIABLE = YES;
				IPHONEOS_DEPLOYMENT_TARGET = 14.0;
				MTL_ENABLE_DEBUG_INFO = INCLUDE_SOURCE;
				MTL_FAST_MATH = YES;
				ONLY_ACTIVE_ARCH = YES;
				SDKROOT = iphoneos;
				SWIFT_ACTIVE_COMPILATION_CONDITIONS = DEBUG;
				SWIFT_OPTIMIZATION_LEVEL = "-Onone";
			};
			name = Debug;
		};
		858A2B98251E5A0900AF589B /* Release */ = {
			isa = XCBuildConfiguration;
			buildSettings = {
				ALWAYS_SEARCH_USER_PATHS = NO;
				CLANG_ANALYZER_NONNULL = YES;
				CLANG_ANALYZER_NUMBER_OBJECT_CONVERSION = YES_AGGRESSIVE;
				CLANG_CXX_LANGUAGE_STANDARD = "gnu++14";
				CLANG_CXX_LIBRARY = "libc++";
				CLANG_ENABLE_MODULES = YES;
				CLANG_ENABLE_OBJC_ARC = YES;
				CLANG_ENABLE_OBJC_WEAK = YES;
				CLANG_WARN_BLOCK_CAPTURE_AUTORELEASING = YES;
				CLANG_WARN_BOOL_CONVERSION = YES;
				CLANG_WARN_COMMA = YES;
				CLANG_WARN_CONSTANT_CONVERSION = YES;
				CLANG_WARN_DEPRECATED_OBJC_IMPLEMENTATIONS = YES;
				CLANG_WARN_DIRECT_OBJC_ISA_USAGE = YES_ERROR;
				CLANG_WARN_DOCUMENTATION_COMMENTS = YES;
				CLANG_WARN_EMPTY_BODY = YES;
				CLANG_WARN_ENUM_CONVERSION = YES;
				CLANG_WARN_INFINITE_RECURSION = YES;
				CLANG_WARN_INT_CONVERSION = YES;
				CLANG_WARN_NON_LITERAL_NULL_CONVERSION = YES;
				CLANG_WARN_OBJC_IMPLICIT_RETAIN_SELF = YES;
				CLANG_WARN_OBJC_LITERAL_CONVERSION = YES;
				CLANG_WARN_OBJC_ROOT_CLASS = YES_ERROR;
				CLANG_WARN_QUOTED_INCLUDE_IN_FRAMEWORK_HEADER = YES;
				CLANG_WARN_RANGE_LOOP_ANALYSIS = YES;
				CLANG_WARN_STRICT_PROTOTYPES = YES;
				CLANG_WARN_SUSPICIOUS_MOVE = YES;
				CLANG_WARN_UNGUARDED_AVAILABILITY = YES_AGGRESSIVE;
				CLANG_WARN_UNREACHABLE_CODE = YES;
				CLANG_WARN__DUPLICATE_METHOD_MATCH = YES;
				COPY_PHASE_STRIP = NO;
				DEBUG_INFORMATION_FORMAT = "dwarf-with-dsym";
				ENABLE_NS_ASSERTIONS = NO;
				ENABLE_STRICT_OBJC_MSGSEND = YES;
				GCC_C_LANGUAGE_STANDARD = gnu11;
				GCC_NO_COMMON_BLOCKS = YES;
				GCC_WARN_64_TO_32_BIT_CONVERSION = YES;
				GCC_WARN_ABOUT_RETURN_TYPE = YES_ERROR;
				GCC_WARN_UNDECLARED_SELECTOR = YES;
				GCC_WARN_UNINITIALIZED_AUTOS = YES_AGGRESSIVE;
				GCC_WARN_UNUSED_FUNCTION = YES;
				GCC_WARN_UNUSED_VARIABLE = YES;
				IPHONEOS_DEPLOYMENT_TARGET = 14.0;
				MTL_ENABLE_DEBUG_INFO = NO;
				MTL_FAST_MATH = YES;
				SDKROOT = iphoneos;
				SWIFT_COMPILATION_MODE = wholemodule;
				SWIFT_OPTIMIZATION_LEVEL = "-O";
				VALIDATE_PRODUCT = YES;
			};
			name = Release;
		};
		858A2B9A251E5A0900AF589B /* Debug */ = {
			isa = XCBuildConfiguration;
			buildSettings = {
				ASSETCATALOG_COMPILER_APPICON_NAME = AppIcon;
				ASSETCATALOG_COMPILER_GLOBAL_ACCENT_COLOR_NAME = AccentColor;
				CODE_SIGN_STYLE = Automatic;
				DEVELOPMENT_TEAM = U969WBXYCP;
				INFOPLIST_FILE = DetectionApp/Info.plist;
				LD_RUNPATH_SEARCH_PATHS = (
					"$(inherited)",
					"@executable_path/Frameworks",
				);
				PRODUCT_BUNDLE_IDENTIFIER = com.Squee.DetectionApp;
				PRODUCT_NAME = "$(TARGET_NAME)";
				SWIFT_VERSION = 5.0;
				TARGETED_DEVICE_FAMILY = "1,2";
			};
			name = Debug;
		};
		858A2B9B251E5A0900AF589B /* Release */ = {
			isa = XCBuildConfiguration;
			buildSettings = {
				ASSETCATALOG_COMPILER_APPICON_NAME = AppIcon;
				ASSETCATALOG_COMPILER_GLOBAL_ACCENT_COLOR_NAME = AccentColor;
				CODE_SIGN_STYLE = Automatic;
				DEVELOPMENT_TEAM = U969WBXYCP;
				INFOPLIST_FILE = DetectionApp/Info.plist;
				LD_RUNPATH_SEARCH_PATHS = (
					"$(inherited)",
					"@executable_path/Frameworks",
				);
				PRODUCT_BUNDLE_IDENTIFIER = com.Squee.DetectionApp;
				PRODUCT_NAME = "$(TARGET_NAME)";
				SWIFT_VERSION = 5.0;
				TARGETED_DEVICE_FAMILY = "1,2";
			};
			name = Release;
		};
/* End XCBuildConfiguration section */

/* Begin XCConfigurationList section */
		858A2B80251E5A0800AF589B /* Build configuration list for PBXProject "DetectionApp" */ = {
			isa = XCConfigurationList;
			buildConfigurations = (
				858A2B97251E5A0900AF589B /* Debug */,
				858A2B98251E5A0900AF589B /* Release */,
			);
			defaultConfigurationIsVisible = 0;
			defaultConfigurationName = Release;
		};
		858A2B99251E5A0900AF589B /* Build configuration list for PBXNativeTarget "DetectionApp" */ = {
			isa = XCConfigurationList;
			buildConfigurations = (
				858A2B9A251E5A0900AF589B /* Debug */,
				858A2B9B251E5A0900AF589B /* Release */,
			);
			defaultConfigurationIsVisible = 0;
			defaultConfigurationName = Release;
		};
/* End XCConfigurationList section */
	};
	rootObject = 858A2B7D251E5A0800AF589B /* Project object */;
}
